
Microsoft Visual Studio Solution File, Format Version 12.00
# Visual Studio Version 17
VisualStudioVersion = 17.5.33502.453
MinimumVisualStudioVersion = 10.0.40219.1
Project("{9A19103F-16F7-4668-BE54-9A1E7A4F7556}") = "ExtensibleHttp", "ExtensibleHttp\ExtensibleHttp.csproj", "{A5032E72-5C76-4A61-9A8D-5E5A10C17F96}"
EndProject
Project("{9A19103F-16F7-4668-BE54-9A1E7A4F7556}") = "ExtensibleHttp.Sample", "ExtensibleHttp.Sample\ExtensibleHttp.Sample.csproj", "{E4FEC76C-9889-4BB0-94DD-386CBE501320}"
EndProject
Project("{2150E333-8FDC-42A3-9474-1A3956D46DE8}") = "Solution Items", "Solution Items", "{97781FC6-064D-46D6-86E2-21449878E1D6}"
	ProjectSection(SolutionItems) = preProject
		.editorconfig = .editorconfig
		LICENSE = LICENSE
		README.md = README.md
	EndProjectSection
EndProject
Global
	GlobalSection(SolutionConfigurationPlatforms) = preSolution
		Debug|Any CPU = Debug|Any CPU
		Release|Any CPU = Release|Any CPU
	EndGlobalSection
	GlobalSection(ProjectConfigurationPlatforms) = postSolution
		{A5032E72-5C76-4A61-9A8D-5E5A10C17F96}.Debug|Any CPU.ActiveCfg = Debug|Any CPU
		{A5032E72-5C76-4A61-9A8D-5E5A10C17F96}.Debug|Any CPU.Build.0 = Debug|Any CPU
		{A5032E72-5C76-4A61-9A8D-5E5A10C17F96}.Release|Any CPU.ActiveCfg = Release|Any CPU
		{A5032E72-5C76-4A61-9A8D-5E5A10C17F96}.Release|Any CPU.Build.0 = Release|Any CPU
		{E4FEC76C-9889-4BB0-94DD-386CBE501320}.Debug|Any CPU.ActiveCfg = Debug|Any CPU
		{E4FEC76C-9889-4BB0-94DD-386CBE501320}.Debug|Any CPU.Build.0 = Debug|Any CPU
		{E4FEC76C-9889-4BB0-94DD-386CBE501320}.Release|Any CPU.ActiveCfg = Release|Any CPU
		{E4FEC76C-9889-4BB0-94DD-386CBE501320}.Release|Any CPU.Build.0 = Release|Any CPU
	EndGlobalSection
	GlobalSection(SolutionProperties) = preSolution
		HideSolutionNode = FALSE
	EndGlobalSection
	GlobalSection(ExtensibilityGlobals) = postSolution
		SolutionGuid = {01BFA3AB-D4CB-4330-823E-E0371DCD7D46}
	EndGlobalSection
EndGlobal
